version: 2.0
shards:
  bindata:
    git: https://github.com/spider-gazelle/bindata.git
    version: 2.1.1

  cmac:
    git: https://github.com/spider-gazelle/cmac.git
    version: 1.0.2

  dns:
    git: https://github.com/spider-gazelle/dns.git
    version: 1.2.0

  ed25519:
    git: https://github.com/spider-gazelle/ed25519.git
    version: 1.1.0

  goban:
    git: https://github.com/stakach/goban.git
    version: 1.7.0+git.commit.3f4b5012a72b0c556fb52faaa9612ed52fb2a089

  hkdf:
    git: https://github.com/spider-gazelle/hkdf.git
    version: 1.0.0

  matter:
    git: https://github.com/spider-gazelle/matter.git
    version: 0.1.0+git.commit.49c3aeb6363a73003845a3525bfe5c7e8a5c9d43

  named_information:
    git: https://github.com/spider-gazelle/named_information.git
    version: 1.0.1

  openssl_ext:
    git: https://github.com/spider-gazelle/openssl_ext.git
    version: 2.8.3

  secure-remote-password:
    git: https://github.com/spider-gazelle/secure-remote-password.git
    version: 1.0.0

  spake2_plus:
    git: https://github.com/spider-gazelle/spake2_plus.git
    version: 1.0.1

  tlv:
    git: https://github.com/spider-gazelle/tlv.git
    version: 1.0.0+git.commit.6adef4fe6aa5947fbe8d985b7855b74ac3aad565

  verhoeff:
    git: https://github.com/spider-gazelle/verhoeff.git
    version: 1.0.1

